
Microsoft Visual Studio Solution File, Format Version 12.00
# Visual Studio Version 16
VisualStudioVersion = 16.0.29920.165
MinimumVisualStudioVersion = 10.0.40219.1
Project("{FAE04EC0-301F-11D3-BF4B-00C04F79EFBC}") = "MakeChange", "MakeChange\MakeChange.csproj", "{EB90CD86-1413-4235-89A3-63E51D4E76EE}"
EndProject
Global
	GlobalSection(SolutionConfigurationPlatforms) = preSolution
		Debug|Any CPU = Debug|Any CPU
		Release|Any CPU = Release|Any CPU
	EndGlobalSection
	GlobalSection(ProjectConfigurationPlatforms) = postSolution
		{EB90CD86-1413-4235-89A3-63E51D4E76EE}.Debug|Any CPU.ActiveCfg = Debug|Any CPU
		{EB90CD86-1413-4235-89A3-63E51D4E76EE}.Debug|Any CPU.Build.0 = Debug|Any CPU
		{EB90CD86-1413-4235-89A3-63E51D4E76EE}.Release|Any CPU.ActiveCfg = Release|Any CPU
		{EB90CD86-1413-4235-89A3-63E51D4E76EE}.Release|Any CPU.Build.0 = Release|Any CPU
	EndGlobalSection
	GlobalSection(SolutionProperties) = preSolution
		HideSolutionNode = FALSE
	EndGlobalSection
	GlobalSection(ExtensibilityGlobals) = postSolution
		SolutionGuid = {8B5391F7-6567-4717-93C3-EC68941B9ABC}
	EndGlobalSection
EndGlobal
